
Microsoft Visual Studio Solution File, Format Version 12.00
# Visual Studio Version 17
VisualStudioVersion = 17.8.34525.116
MinimumVisualStudioVersion = 10.0.40219.1
Project("{FAE04EC0-301F-11D3-BF4B-00C04F79EFBC}") = "ClinicaDaMulher", "ClinicaDaMulher\ClinicaDaMulher.csproj", "{B780424D-9125-4DC0-8B7F-DF09B0F91D73}"
EndProject
Global
	GlobalSection(SolutionConfigurationPlatforms) = preSolution
		Debug|Any CPU = Debug|Any CPU
		Release|Any CPU = Release|Any CPU
	EndGlobalSection
	GlobalSection(ProjectConfigurationPlatforms) = postSolution
		{B780424D-9125-4DC0-8B7F-DF09B0F91D73}.Debug|Any CPU.ActiveCfg = Debug|Any CPU
		{B780424D-9125-4DC0-8B7F-DF09B0F91D73}.Debug|Any CPU.Build.0 = Debug|Any CPU
		{B780424D-9125-4DC0-8B7F-DF09B0F91D73}.Release|Any CPU.ActiveCfg = Release|Any CPU
		{B780424D-9125-4DC0-8B7F-DF09B0F91D73}.Release|Any CPU.Build.0 = Release|Any CPU
	EndGlobalSection
	GlobalSection(SolutionProperties) = preSolution
		HideSolutionNode = FALSE
	EndGlobalSection
	GlobalSection(ExtensibilityGlobals) = postSolution
		SolutionGuid = {890C20C3-C942-4A95-886B-A29D97884EAE}
	EndGlobalSection
EndGlobal
